
Microsoft Visual Studio Solution File, Format Version 12.00
# Visual Studio 15
VisualStudioVersion = 15.0.28010.2048
MinimumVisualStudioVersion = 10.0.40219.1
Project("{FAE04EC0-301F-11D3-BF4B-00C04F79EFBC}") = "DocumentsExplorer.Website", "DocumentsExplorer.Website\DocumentsExplorer.Website.csproj", "{9E18043B-B088-4DC4-B9A9-68FE8431BD92}"
EndProject
Project("{FAE04EC0-301F-11D3-BF4B-00C04F79EFBC}") = "DocumentsExplorer.Model", "DocumentsExplorer.Model\DocumentsExplorer.Model.csproj", "{B26CB160-596B-4B3E-98F1-35E543AEF866}"
EndProject
Project("{FAE04EC0-301F-11D3-BF4B-00C04F79EFBC}") = "DocumentsExplorer.BLL", "DocumentsExplorer.BLL\DocumentsExplorer.BLL.csproj", "{BEBEFB3D-CCB3-446F-8B9F-DCBC97C3AD57}"
EndProject
Project("{FAE04EC0-301F-11D3-BF4B-00C04F79EFBC}") = "DocumentsExplorer.DTO", "DocumentsExplorer.DTO\DocumentsExplorer.DTO.csproj", "{E4FEAA99-2046-4A42-94DB-38EA313B30B2}"
EndProject
Project("{FAE04EC0-301F-11D3-BF4B-00C04F79EFBC}") = "DocumentsExplorer.API", "DocumentsExplorer.API\DocumentsExplorer.API.csproj", "{3DAB17E4-BDF7-46BF-B5C6-4FA33E1EC323}"
EndProject
Project("{FAE04EC0-301F-11D3-BF4B-00C04F79EFBC}") = "DocumentsExplorer.Web", "DocumentsExplorer.Web\DocumentsExplorer.Web.csproj", "{9D7566D6-2F03-46CF-8FAE-7CAFF244E64C}"
EndProject
Project("{FAE04EC0-301F-11D3-BF4B-00C04F79EFBC}") = "DocumentsExplorer.ClassDiagram", "DocumentsExplorer.ClassDiagram\DocumentsExplorer.ClassDiagram.csproj", "{FDEA0D4C-6095-45CF-9DF4-D419BE50009F}"
EndProject
Global
	GlobalSection(SolutionConfigurationPlatforms) = preSolution
		Debug|Any CPU = Debug|Any CPU
		Debug|x86 = Debug|x86
		Release|Any CPU = Release|Any CPU
		Release|x86 = Release|x86
	EndGlobalSection
	GlobalSection(ProjectConfigurationPlatforms) = postSolution
		{9E18043B-B088-4DC4-B9A9-68FE8431BD92}.Debug|Any CPU.ActiveCfg = Debug|Any CPU
		{9E18043B-B088-4DC4-B9A9-68FE8431BD92}.Debug|Any CPU.Build.0 = Debug|Any CPU
		{9E18043B-B088-4DC4-B9A9-68FE8431BD92}.Debug|x86.ActiveCfg = Debug|Any CPU
		{9E18043B-B088-4DC4-B9A9-68FE8431BD92}.Debug|x86.Build.0 = Debug|Any CPU
		{9E18043B-B088-4DC4-B9A9-68FE8431BD92}.Release|Any CPU.ActiveCfg = Release|Any CPU
		{9E18043B-B088-4DC4-B9A9-68FE8431BD92}.Release|Any CPU.Build.0 = Release|Any CPU
		{9E18043B-B088-4DC4-B9A9-68FE8431BD92}.Release|x86.ActiveCfg = Release|Any CPU
		{9E18043B-B088-4DC4-B9A9-68FE8431BD92}.Release|x86.Build.0 = Release|Any CPU
		{B26CB160-596B-4B3E-98F1-35E543AEF866}.Debug|Any CPU.ActiveCfg = Debug|Any CPU
		{B26CB160-596B-4B3E-98F1-35E543AEF866}.Debug|Any CPU.Build.0 = Debug|Any CPU
		{B26CB160-596B-4B3E-98F1-35E543AEF866}.Debug|x86.ActiveCfg = Debug|Any CPU
		{B26CB160-596B-4B3E-98F1-35E543AEF866}.Debug|x86.Build.0 = Debug|Any CPU
		{B26CB160-596B-4B3E-98F1-35E543AEF866}.Release|Any CPU.ActiveCfg = Release|Any CPU
		{B26CB160-596B-4B3E-98F1-35E543AEF866}.Release|Any CPU.Build.0 = Release|Any CPU
		{B26CB160-596B-4B3E-98F1-35E543AEF866}.Release|x86.ActiveCfg = Release|Any CPU
		{B26CB160-596B-4B3E-98F1-35E543AEF866}.Release|x86.Build.0 = Release|Any CPU
		{BEBEFB3D-CCB3-446F-8B9F-DCBC97C3AD57}.Debug|Any CPU.ActiveCfg = Debug|Any CPU
		{BEBEFB3D-CCB3-446F-8B9F-DCBC97C3AD57}.Debug|Any CPU.Build.0 = Debug|Any CPU
		{BEBEFB3D-CCB3-446F-8B9F-DCBC97C3AD57}.Debug|x86.ActiveCfg = Debug|Any CPU
		{BEBEFB3D-CCB3-446F-8B9F-DCBC97C3AD57}.Debug|x86.Build.0 = Debug|Any CPU
		{BEBEFB3D-CCB3-446F-8B9F-DCBC97C3AD57}.Release|Any CPU.ActiveCfg = Release|Any CPU
		{BEBEFB3D-CCB3-446F-8B9F-DCBC97C3AD57}.Release|Any CPU.Build.0 = Release|Any CPU
		{BEBEFB3D-CCB3-446F-8B9F-DCBC97C3AD57}.Release|x86.ActiveCfg = Release|Any CPU
		{BEBEFB3D-CCB3-446F-8B9F-DCBC97C3AD57}.Release|x86.Build.0 = Release|Any CPU
		{E4FEAA99-2046-4A42-94DB-38EA313B30B2}.Debug|Any CPU.ActiveCfg = Debug|Any CPU
		{E4FEAA99-2046-4A42-94DB-38EA313B30B2}.Debug|Any CPU.Build.0 = Debug|Any CPU
		{E4FEAA99-2046-4A42-94DB-38EA313B30B2}.Debug|x86.ActiveCfg = Debug|Any CPU
		{E4FEAA99-2046-4A42-94DB-38EA313B30B2}.Debug|x86.Build.0 = Debug|Any CPU
		{E4FEAA99-2046-4A42-94DB-38EA313B30B2}.Release|Any CPU.ActiveCfg = Release|Any CPU
		{E4FEAA99-2046-4A42-94DB-38EA313B30B2}.Release|Any CPU.Build.0 = Release|Any CPU
		{E4FEAA99-2046-4A42-94DB-38EA313B30B2}.Release|x86.ActiveCfg = Release|Any CPU
		{E4FEAA99-2046-4A42-94DB-38EA313B30B2}.Release|x86.Build.0 = Release|Any CPU
		{3DAB17E4-BDF7-46BF-B5C6-4FA33E1EC323}.Debug|Any CPU.ActiveCfg = Debug|Any CPU
		{3DAB17E4-BDF7-46BF-B5C6-4FA33E1EC323}.Debug|Any CPU.Build.0 = Debug|Any CPU
		{3DAB17E4-BDF7-46BF-B5C6-4FA33E1EC323}.Debug|x86.ActiveCfg = Debug|Any CPU
		{3DAB17E4-BDF7-46BF-B5C6-4FA33E1EC323}.Debug|x86.Build.0 = Debug|Any CPU
		{3DAB17E4-BDF7-46BF-B5C6-4FA33E1EC323}.Release|Any CPU.ActiveCfg = Release|Any CPU
		{3DAB17E4-BDF7-46BF-B5C6-4FA33E1EC323}.Release|Any CPU.Build.0 = Release|Any CPU
		{3DAB17E4-BDF7-46BF-B5C6-4FA33E1EC323}.Release|x86.ActiveCfg = Release|Any CPU
		{3DAB17E4-BDF7-46BF-B5C6-4FA33E1EC323}.Release|x86.Build.0 = Release|Any CPU
		{9D7566D6-2F03-46CF-8FAE-7CAFF244E64C}.Debug|Any CPU.ActiveCfg = Debug|Any CPU
		{9D7566D6-2F03-46CF-8FAE-7CAFF244E64C}.Debug|Any CPU.Build.0 = Debug|Any CPU
		{9D7566D6-2F03-46CF-8FAE-7CAFF244E64C}.Debug|x86.ActiveCfg = Debug|Any CPU
		{9D7566D6-2F03-46CF-8FAE-7CAFF244E64C}.Debug|x86.Build.0 = Debug|Any CPU
		{9D7566D6-2F03-46CF-8FAE-7CAFF244E64C}.Release|Any CPU.ActiveCfg = Release|Any CPU
		{9D7566D6-2F03-46CF-8FAE-7CAFF244E64C}.Release|Any CPU.Build.0 = Release|Any CPU
		{9D7566D6-2F03-46CF-8FAE-7CAFF244E64C}.Release|x86.ActiveCfg = Release|Any CPU
		{9D7566D6-2F03-46CF-8FAE-7CAFF244E64C}.Release|x86.Build.0 = Release|Any CPU
		{FDEA0D4C-6095-45CF-9DF4-D419BE50009F}.Debug|Any CPU.ActiveCfg = Debug|Any CPU
		{FDEA0D4C-6095-45CF-9DF4-D419BE50009F}.Debug|Any CPU.Build.0 = Debug|Any CPU
		{FDEA0D4C-6095-45CF-9DF4-D419BE50009F}.Debug|x86.ActiveCfg = Debug|Any CPU
		{FDEA0D4C-6095-45CF-9DF4-D419BE50009F}.Debug|x86.Build.0 = Debug|Any CPU
		{FDEA0D4C-6095-45CF-9DF4-D419BE50009F}.Release|Any CPU.ActiveCfg = Release|Any CPU
		{FDEA0D4C-6095-45CF-9DF4-D419BE50009F}.Release|Any CPU.Build.0 = Release|Any CPU
		{FDEA0D4C-6095-45CF-9DF4-D419BE50009F}.Release|x86.ActiveCfg = Release|Any CPU
		{FDEA0D4C-6095-45CF-9DF4-D419BE50009F}.Release|x86.Build.0 = Release|Any CPU
	EndGlobalSection
	GlobalSection(SolutionProperties) = preSolution
		HideSolutionNode = FALSE
	EndGlobalSection
	GlobalSection(ExtensibilityGlobals) = postSolution
		SolutionGuid = {3F2716B3-D9D1-459C-AB3C-86C77C80E4CC}
	EndGlobalSection
EndGlobal
